{
  "object": {
    "pins": [
      {
        "package": "ViewInspector",
        "repositoryURL": "https://github.com/nalexn/ViewInspector",
        "state": {
          "branch": null,
          "revision": "3cc24dcbf317ebf963173518ffca70c567e3113e",
          "version": "0.4.7"
        }
      }
    ]
  },
  "version": 1
}
