{
  "object": {
    "pins": [
      {
        "package": "CollectionConcurrencyKit",
        "repositoryURL": "https://github.com/JohnSundell/CollectionConcurrencyKit.git",
        "state": {
          "branch": null,
          "revision": "b4f23e24b5a1bff301efc5e70871083ca029ff95",
          "version": "0.2.0"
        }
      },
      {
        "package": "SourceKitten",
        "repositoryURL": "https://github.com/jpsim/SourceKitten.git",
        "state": {
          "branch": null,
          "revision": "b6dc09ee51dfb0c66e042d2328c017483a1a5d56",
          "version": "0.34.1"
        }
      },
      {
        "package": "swift-argument-parser",
        "repositoryURL": "https://github.com/apple/swift-argument-parser.git",
        "state": {
          "branch": null,
          "revision": "fee6933f37fde9a5e12a1e4aeaa93fe60116ff2a",
          "version": "1.2.2"
        }
      },
      {
        "package": "SwiftSyntax",
        "repositoryURL": "https://github.com/apple/swift-syntax.git",
        "state": {
          "branch": null,
          "revision": "013a48e2312e57b7b355db25bd3ea75282ebf274",
          "version": "0.50900.0-swift-DEVELOPMENT-SNAPSHOT-2023-02-06-a"
        }
      },
      {
        "package": "SwiftLint",
        "repositoryURL": "https://github.com/realm/SwiftLint.git",
        "state": {
          "branch": null,
          "revision": "eb85125a5f293de3d3248af259980c98bc2b1faa",
          "version": "0.51.0"
        }
      },
      {
        "package": "SwiftyTextTable",
        "repositoryURL": "https://github.com/scottrhoyt/SwiftyTextTable.git",
        "state": {
          "branch": null,
          "revision": "c6df6cf533d120716bff38f8ff9885e1ce2a4ac3",
          "version": "0.9.0"
        }
      },
      {
        "package": "SWXMLHash",
        "repositoryURL": "https://github.com/drmohundro/SWXMLHash.git",
        "state": {
          "branch": null,
          "revision": "4d0f62f561458cbe1f732171e625f03195151b60",
          "version": "7.0.1"
        }
      },
      {
        "package": "ViewInspector",
        "repositoryURL": "https://github.com/nalexn/ViewInspector",
        "state": {
          "branch": null,
          "revision": "6b77fcff222e129fc9d74967ea40ad52aefcd004",
          "version": "0.9.3"
        }
      },
      {
        "package": "Yams",
        "repositoryURL": "https://github.com/jpsim/Yams.git",
        "state": {
          "branch": null,
          "revision": "f47ba4838c30dbd59998a4e4c87ab620ff959e8a",
          "version": "5.0.5"
        }
      }
    ]
  },
  "version": 1
}
