{
  "pins" : [
    {
      "identity" : "viewinspector",
      "kind" : "remoteSourceControl",
      "location" : "https://github.com/nalexn/ViewInspector",
      "state" : {
        "revision" : "6b77fcff222e129fc9d74967ea40ad52aefcd004",
        "version" : "0.9.3"
      }
    }
  ],
  "version" : 2
}
