// !$*UTF8*$!
{
	archiveVersion = 1;
	classes = {
	};
	objectVersion = 52;
	objects = {

/* Begin PBXBuildFile section */
		791EE71A23C623BF00AFFB30 /* QRPictureGenerator.swift in Sources */ = {isa = PBXBuildFile; fileRef = 791EE71923C623BF00AFFB30 /* QRPictureGenerator.swift */; };
		791EE71D23C623FB00AFFB30 /* Picture.swift in Sources */ = {isa = PBXBuildFile; fileRef = 791EE71C23C623FB00AFFB30 /* Picture.swift */; };
		794B927523C62B5100C6BC4D /* CoreImage.framework in Frameworks */ = {isa = PBXBuildFile; fileRef = 794B927423C62B5100C6BC4D /* CoreImage.framework */; };
		794B927723C62B5C00C6BC4D /* CoreGraphics.framework in Frameworks */ = {isa = PBXBuildFile; fileRef = 794B927623C62B5C00C6BC4D /* CoreGraphics.framework */; };
		797AF64923A7E0C800E41949 /* QRCodeImageView.swift in Sources */ = {isa = PBXBuildFile; fileRef = 797AF64823A7E0C800E41949 /* QRCodeImageView.swift */; };
		797AF64B23A7E0CB00E41949 /* Assets.xcassets in Resources */ = {isa = PBXBuildFile; fileRef = 797AF64A23A7E0CB00E41949 /* Assets.xcassets */; };
		797AF64E23A7E0CB00E41949 /* Preview Assets.xcassets in Resources */ = {isa = PBXBuildFile; fileRef = 797AF64D23A7E0CB00E41949 /* Preview Assets.xcassets */; };
		797AF65C23A7E0CB00E41949 /* QRPictoreGeneratorTests.swift in Sources */ = {isa = PBXBuildFile; fileRef = 797AF65B23A7E0CB00E41949 /* QRPictoreGeneratorTests.swift */; };
		797AF66723A7E0CB00E41949 /* QuickshaReUITests.swift in Sources */ = {isa = PBXBuildFile; fileRef = 797AF66623A7E0CB00E41949 /* QuickshaReUITests.swift */; };
		798FC31523CA078F00ACB7F5 /* QRPictureGenerator.swift in Sources */ = {isa = PBXBuildFile; fileRef = 791EE71923C623BF00AFFB30 /* QRPictureGenerator.swift */; };
		798FC31623CA079500ACB7F5 /* Picture.swift in Sources */ = {isa = PBXBuildFile; fileRef = 791EE71C23C623FB00AFFB30 /* Picture.swift */; };
		79DB0FB923CA06430040E275 /* ShareViewController.swift in Sources */ = {isa = PBXBuildFile; fileRef = 79DB0FB823CA06430040E275 /* ShareViewController.swift */; };
		79DB0FBC23CA06430040E275 /* MainInterface.storyboard in Resources */ = {isa = PBXBuildFile; fileRef = 79DB0FBA23CA06430040E275 /* MainInterface.storyboard */; };
		79DB0FC023CA06430040E275 /* ShareMenu.appex in Embed App Extensions */ = {isa = PBXBuildFile; fileRef = 79DB0FB623CA06430040E275 /* ShareMenu.appex */; settings = {ATTRIBUTES = (RemoveHeadersOnCopy, ); }; };
		BF08EEE125C1CE01002B1AF8 /* QRCodeGeneratorObject.swift in Sources */ = {isa = PBXBuildFile; fileRef = BF08EEE025C1CE01002B1AF8 /* QRCodeGeneratorObject.swift */; };
		BF08EEE225C1CE01002B1AF8 /* QRCodeGeneratorObject.swift in Sources */ = {isa = PBXBuildFile; fileRef = BF08EEE025C1CE01002B1AF8 /* QRCodeGeneratorObject.swift */; };
		BF349F8D250C16360083B498 /* ViewInspector in Frameworks */ = {isa = PBXBuildFile; productRef = BF349F8C250C16360083B498 /* ViewInspector */; };
		BF349F8F250C16810083B498 /* TextInputViewTests.swift in Sources */ = {isa = PBXBuildFile; fileRef = BF349F8E250C16810083B498 /* TextInputViewTests.swift */; };
		BF7AB87925AC6588006DEE77 /* QuickshaReApp.swift in Sources */ = {isa = PBXBuildFile; fileRef = BF7AB87825AC6588006DEE77 /* QuickshaReApp.swift */; };
		BF96013C23C6FC040034CE20 /* TextInputView.swift in Sources */ = {isa = PBXBuildFile; fileRef = BF96013B23C6FC040034CE20 /* TextInputView.swift */; };
/* End PBXBuildFile section */

/* Begin PBXContainerItemProxy section */
		797AF65823A7E0CB00E41949 /* PBXContainerItemProxy */ = {
			isa = PBXContainerItemProxy;
			containerPortal = 797AF63923A7E0C800E41949 /* Project object */;
			proxyType = 1;
			remoteGlobalIDString = 797AF64023A7E0C800E41949;
			remoteInfo = QuickshaRe;
		};
		797AF66323A7E0CB00E41949 /* PBXContainerItemProxy */ = {
			isa = PBXContainerItemProxy;
			containerPortal = 797AF63923A7E0C800E41949 /* Project object */;
			proxyType = 1;
			remoteGlobalIDString = 797AF64023A7E0C800E41949;
			remoteInfo = QuickshaRe;
		};
		79DB0FBE23CA06430040E275 /* PBXContainerItemProxy */ = {
			isa = PBXContainerItemProxy;
			containerPortal = 797AF63923A7E0C800E41949 /* Project object */;
			proxyType = 1;
			remoteGlobalIDString = 79DB0FB523CA06430040E275;
			remoteInfo = ShareMenu;
		};
/* End PBXContainerItemProxy section */

/* Begin PBXCopyFilesBuildPhase section */
		79DB0FC123CA06430040E275 /* Embed App Extensions */ = {
			isa = PBXCopyFilesBuildPhase;
			buildActionMask = 2147483647;
			dstPath = "";
			dstSubfolderSpec = 13;
			files = (
				79DB0FC023CA06430040E275 /* ShareMenu.appex in Embed App Extensions */,
			);
			name = "Embed App Extensions";
			runOnlyForDeploymentPostprocessing = 0;
		};
/* End PBXCopyFilesBuildPhase section */

/* Begin PBXFileReference section */
		791EE71923C623BF00AFFB30 /* QRPictureGenerator.swift */ = {isa = PBXFileReference; lastKnownFileType = sourcecode.swift; path = QRPictureGenerator.swift; sourceTree = "<group>"; };
		791EE71C23C623FB00AFFB30 /* Picture.swift */ = {isa = PBXFileReference; lastKnownFileType = sourcecode.swift; path = Picture.swift; sourceTree = "<group>"; };
		794B927423C62B5100C6BC4D /* CoreImage.framework */ = {isa = PBXFileReference; lastKnownFileType = wrapper.framework; name = CoreImage.framework; path = System/Library/Frameworks/CoreImage.framework; sourceTree = SDKROOT; };
		794B927623C62B5C00C6BC4D /* CoreGraphics.framework */ = {isa = PBXFileReference; lastKnownFileType = wrapper.framework; name = CoreGraphics.framework; path = System/Library/Frameworks/CoreGraphics.framework; sourceTree = SDKROOT; };
		797AF64123A7E0C800E41949 /* QuickshaRe.app */ = {isa = PBXFileReference; explicitFileType = wrapper.application; includeInIndex = 0; path = QuickshaRe.app; sourceTree = BUILT_PRODUCTS_DIR; };
		797AF64823A7E0C800E41949 /* QRCodeImageView.swift */ = {isa = PBXFileReference; lastKnownFileType = sourcecode.swift; path = QRCodeImageView.swift; sourceTree = "<group>"; };
		797AF64A23A7E0CB00E41949 /* Assets.xcassets */ = {isa = PBXFileReference; lastKnownFileType = folder.assetcatalog; path = Assets.xcassets; sourceTree = "<group>"; };
		797AF64D23A7E0CB00E41949 /* Preview Assets.xcassets */ = {isa = PBXFileReference; lastKnownFileType = folder.assetcatalog; path = "Preview Assets.xcassets"; sourceTree = "<group>"; };
		797AF65223A7E0CB00E41949 /* Info.plist */ = {isa = PBXFileReference; lastKnownFileType = text.plist.xml; path = Info.plist; sourceTree = "<group>"; };
		797AF65723A7E0CB00E41949 /* QuickshaReTests.xctest */ = {isa = PBXFileReference; explicitFileType = wrapper.cfbundle; includeInIndex = 0; path = QuickshaReTests.xctest; sourceTree = BUILT_PRODUCTS_DIR; };
		797AF65B23A7E0CB00E41949 /* QRPictoreGeneratorTests.swift */ = {isa = PBXFileReference; lastKnownFileType = sourcecode.swift; path = QRPictoreGeneratorTests.swift; sourceTree = "<group>"; };
		797AF65D23A7E0CB00E41949 /* Info.plist */ = {isa = PBXFileReference; lastKnownFileType = text.plist.xml; path = Info.plist; sourceTree = "<group>"; };
		797AF66223A7E0CB00E41949 /* QuickshaReUITests.xctest */ = {isa = PBXFileReference; explicitFileType = wrapper.cfbundle; includeInIndex = 0; path = QuickshaReUITests.xctest; sourceTree = BUILT_PRODUCTS_DIR; };
		797AF66623A7E0CB00E41949 /* QuickshaReUITests.swift */ = {isa = PBXFileReference; lastKnownFileType = sourcecode.swift; path = QuickshaReUITests.swift; sourceTree = "<group>"; };
		797AF66823A7E0CB00E41949 /* Info.plist */ = {isa = PBXFileReference; lastKnownFileType = text.plist.xml; path = Info.plist; sourceTree = "<group>"; };
		798719DE242923DD00E1134E /* QuickshaRe.entitlements */ = {isa = PBXFileReference; lastKnownFileType = text.plist.entitlements; path = QuickshaRe.entitlements; sourceTree = "<group>"; };
		798719DF242923DD00E1134E /* ShareMenu.entitlements */ = {isa = PBXFileReference; lastKnownFileType = text.plist.entitlements; path = ShareMenu.entitlements; sourceTree = "<group>"; };
		79DB0FB623CA06430040E275 /* ShareMenu.appex */ = {isa = PBXFileReference; explicitFileType = "wrapper.app-extension"; includeInIndex = 0; path = ShareMenu.appex; sourceTree = BUILT_PRODUCTS_DIR; };
		79DB0FB823CA06430040E275 /* ShareViewController.swift */ = {isa = PBXFileReference; lastKnownFileType = sourcecode.swift; path = ShareViewController.swift; sourceTree = "<group>"; };
		79DB0FBB23CA06430040E275 /* Base */ = {isa = PBXFileReference; lastKnownFileType = file.storyboard; name = Base; path = Base.lproj/MainInterface.storyboard; sourceTree = "<group>"; };
		79DB0FBD23CA06430040E275 /* Info.plist */ = {isa = PBXFileReference; lastKnownFileType = text.plist.xml; path = Info.plist; sourceTree = "<group>"; };
		BF08EEE025C1CE01002B1AF8 /* QRCodeGeneratorObject.swift */ = {isa = PBXFileReference; lastKnownFileType = sourcecode.swift; path = QRCodeGeneratorObject.swift; sourceTree = "<group>"; };
		BF349F8E250C16810083B498 /* TextInputViewTests.swift */ = {isa = PBXFileReference; lastKnownFileType = sourcecode.swift; path = TextInputViewTests.swift; sourceTree = "<group>"; };
		BF7AB87825AC6588006DEE77 /* QuickshaReApp.swift */ = {isa = PBXFileReference; fileEncoding = 4; lastKnownFileType = sourcecode.swift; path = QuickshaReApp.swift; sourceTree = "<group>"; };
		BF96013B23C6FC040034CE20 /* TextInputView.swift */ = {isa = PBXFileReference; lastKnownFileType = sourcecode.swift; path = TextInputView.swift; sourceTree = "<group>"; };
/* End PBXFileReference section */

/* Begin PBXFrameworksBuildPhase section */
		797AF63E23A7E0C800E41949 /* Frameworks */ = {
			isa = PBXFrameworksBuildPhase;
			buildActionMask = 2147483647;
			files = (
				794B927723C62B5C00C6BC4D /* CoreGraphics.framework in Frameworks */,
				794B927523C62B5100C6BC4D /* CoreImage.framework in Frameworks */,
			);
			runOnlyForDeploymentPostprocessing = 0;
		};
		797AF65423A7E0CB00E41949 /* Frameworks */ = {
			isa = PBXFrameworksBuildPhase;
			buildActionMask = 2147483647;
			files = (
				BF349F8D250C16360083B498 /* ViewInspector in Frameworks */,
			);
			runOnlyForDeploymentPostprocessing = 0;
		};
		797AF65F23A7E0CB00E41949 /* Frameworks */ = {
			isa = PBXFrameworksBuildPhase;
			buildActionMask = 2147483647;
			files = (
			);
			runOnlyForDeploymentPostprocessing = 0;
		};
		79DB0FB323CA06430040E275 /* Frameworks */ = {
			isa = PBXFrameworksBuildPhase;
			buildActionMask = 2147483647;
			files = (
			);
			runOnlyForDeploymentPostprocessing = 0;
		};
/* End PBXFrameworksBuildPhase section */

/* Begin PBXGroup section */
		791EE71823C6239100AFFB30 /* Domain */ = {
			isa = PBXGroup;
			children = (
				BF08EEE025C1CE01002B1AF8 /* QRCodeGeneratorObject.swift */,
				791EE71923C623BF00AFFB30 /* QRPictureGenerator.swift */,
			);
			path = Domain;
			sourceTree = "<group>";
		};
		791EE71B23C623EE00AFFB30 /* Data */ = {
			isa = PBXGroup;
			children = (
				791EE71C23C623FB00AFFB30 /* Picture.swift */,
			);
			path = Data;
			sourceTree = "<group>";
		};
		794B927323C62B5100C6BC4D /* Frameworks */ = {
			isa = PBXGroup;
			children = (
				794B927623C62B5C00C6BC4D /* CoreGraphics.framework */,
				794B927423C62B5100C6BC4D /* CoreImage.framework */,
			);
			name = Frameworks;
			sourceTree = "<group>";
		};
		797AF63823A7E0C800E41949 = {
			isa = PBXGroup;
			children = (
				797AF64323A7E0C800E41949 /* QuickshaRe */,
				797AF65A23A7E0CB00E41949 /* QuickshaReTests */,
				797AF66523A7E0CB00E41949 /* QuickshaReUITests */,
				79DB0FB723CA06430040E275 /* ShareMenu */,
				797AF64223A7E0C800E41949 /* Products */,
				794B927323C62B5100C6BC4D /* Frameworks */,
			);
			sourceTree = "<group>";
		};
		797AF64223A7E0C800E41949 /* Products */ = {
			isa = PBXGroup;
			children = (
				797AF64123A7E0C800E41949 /* QuickshaRe.app */,
				797AF65723A7E0CB00E41949 /* QuickshaReTests.xctest */,
				797AF66223A7E0CB00E41949 /* QuickshaReUITests.xctest */,
				79DB0FB623CA06430040E275 /* ShareMenu.appex */,
			);
			name = Products;
			sourceTree = "<group>";
		};
		797AF64323A7E0C800E41949 /* QuickshaRe */ = {
			isa = PBXGroup;
			children = (
				798719DE242923DD00E1134E /* QuickshaRe.entitlements */,
				BF7AB87825AC6588006DEE77 /* QuickshaReApp.swift */,
				BFA80C4723C6F29B003DF63D /* UI */,
				791EE71823C6239100AFFB30 /* Domain */,
				791EE71B23C623EE00AFFB30 /* Data */,
				797AF64A23A7E0CB00E41949 /* Assets.xcassets */,
				797AF65223A7E0CB00E41949 /* Info.plist */,
				797AF64C23A7E0CB00E41949 /* Preview Content */,
			);
			path = QuickshaRe;
			sourceTree = "<group>";
		};
		797AF64C23A7E0CB00E41949 /* Preview Content */ = {
			isa = PBXGroup;
			children = (
				797AF64D23A7E0CB00E41949 /* Preview Assets.xcassets */,
			);
			path = "Preview Content";
			sourceTree = "<group>";
		};
		797AF65A23A7E0CB00E41949 /* QuickshaReTests */ = {
			isa = PBXGroup;
			children = (
				797AF65B23A7E0CB00E41949 /* QRPictoreGeneratorTests.swift */,
				BF349F8E250C16810083B498 /* TextInputViewTests.swift */,
				797AF65D23A7E0CB00E41949 /* Info.plist */,
			);
			path = QuickshaReTests;
			sourceTree = "<group>";
		};
		797AF66523A7E0CB00E41949 /* QuickshaReUITests */ = {
			isa = PBXGroup;
			children = (
				797AF66623A7E0CB00E41949 /* QuickshaReUITests.swift */,
				797AF66823A7E0CB00E41949 /* Info.plist */,
			);
			path = QuickshaReUITests;
			sourceTree = "<group>";
		};
		79DB0FB723CA06430040E275 /* ShareMenu */ = {
			isa = PBXGroup;
			children = (
				798719DF242923DD00E1134E /* ShareMenu.entitlements */,
				79DB0FB823CA06430040E275 /* ShareViewController.swift */,
				79DB0FBA23CA06430040E275 /* MainInterface.storyboard */,
				79DB0FBD23CA06430040E275 /* Info.plist */,
			);
			path = ShareMenu;
			sourceTree = "<group>";
		};
		BFA80C4723C6F29B003DF63D /* UI */ = {
			isa = PBXGroup;
			children = (
				BF96013B23C6FC040034CE20 /* TextInputView.swift */,
				797AF64823A7E0C800E41949 /* QRCodeImageView.swift */,
			);
			path = UI;
			sourceTree = "<group>";
		};
/* End PBXGroup section */

/* Begin PBXNativeTarget section */
		797AF64023A7E0C800E41949 /* QuickshaRe */ = {
			isa = PBXNativeTarget;
			buildConfigurationList = 797AF66B23A7E0CB00E41949 /* Build configuration list for PBXNativeTarget "QuickshaRe" */;
			buildPhases = (
				79FB0FEB23D382950078DFD8 /* Run SwiftLint */,
				797AF63D23A7E0C800E41949 /* Sources */,
				797AF63E23A7E0C800E41949 /* Frameworks */,
				797AF63F23A7E0C800E41949 /* Resources */,
				79DB0FC123CA06430040E275 /* Embed App Extensions */,
			);
			buildRules = (
			);
			dependencies = (
				79DB0FBF23CA06430040E275 /* PBXTargetDependency */,
			);
			name = QuickshaRe;
			packageProductDependencies = (
			);
			productName = QuickshaRe;
			productReference = 797AF64123A7E0C800E41949 /* QuickshaRe.app */;
			productType = "com.apple.product-type.application";
		};
		797AF65623A7E0CB00E41949 /* QuickshaReTests */ = {
			isa = PBXNativeTarget;
			buildConfigurationList = 797AF66E23A7E0CB00E41949 /* Build configuration list for PBXNativeTarget "QuickshaReTests" */;
			buildPhases = (
				797AF65323A7E0CB00E41949 /* Sources */,
				797AF65423A7E0CB00E41949 /* Frameworks */,
				797AF65523A7E0CB00E41949 /* Resources */,
			);
			buildRules = (
			);
			dependencies = (
				797AF65923A7E0CB00E41949 /* PBXTargetDependency */,
			);
			name = QuickshaReTests;
			packageProductDependencies = (
				BF349F8C250C16360083B498 /* ViewInspector */,
			);
			productName = QuickshaReTests;
			productReference = 797AF65723A7E0CB00E41949 /* QuickshaReTests.xctest */;
			productType = "com.apple.product-type.bundle.unit-test";
		};
		797AF66123A7E0CB00E41949 /* QuickshaReUITests */ = {
			isa = PBXNativeTarget;
			buildConfigurationList = 797AF67123A7E0CB00E41949 /* Build configuration list for PBXNativeTarget "QuickshaReUITests" */;
			buildPhases = (
				797AF65E23A7E0CB00E41949 /* Sources */,
				797AF65F23A7E0CB00E41949 /* Frameworks */,
				797AF66023A7E0CB00E41949 /* Resources */,
			);
			buildRules = (
			);
			dependencies = (
				797AF66423A7E0CB00E41949 /* PBXTargetDependency */,
			);
			name = QuickshaReUITests;
			productName = QuickshaReUITests;
			productReference = 797AF66223A7E0CB00E41949 /* QuickshaReUITests.xctest */;
			productType = "com.apple.product-type.bundle.ui-testing";
		};
		79DB0FB523CA06430040E275 /* ShareMenu */ = {
			isa = PBXNativeTarget;
			buildConfigurationList = 79DB0FC423CA06430040E275 /* Build configuration list for PBXNativeTarget "ShareMenu" */;
			buildPhases = (
				79DB0FB223CA06430040E275 /* Sources */,
				79DB0FB323CA06430040E275 /* Frameworks */,
				79DB0FB423CA06430040E275 /* Resources */,
			);
			buildRules = (
			);
			dependencies = (
			);
			name = ShareMenu;
			productName = ShareMenu;
			productReference = 79DB0FB623CA06430040E275 /* ShareMenu.appex */;
			productType = "com.apple.product-type.app-extension";
		};
/* End PBXNativeTarget section */

/* Begin PBXProject section */
		797AF63923A7E0C800E41949 /* Project object */ = {
			isa = PBXProject;
			attributes = {
				LastSwiftUpdateCheck = 1330;
				LastUpgradeCheck = 1200;
				ORGANIZATIONNAME = Crazism;
				TargetAttributes = {
					797AF64023A7E0C800E41949 = {
						CreatedOnToolsVersion = 11.2;
					};
					797AF65623A7E0CB00E41949 = {
						CreatedOnToolsVersion = 11.2;
						TestTargetID = 797AF64023A7E0C800E41949;
					};
					797AF66123A7E0CB00E41949 = {
						CreatedOnToolsVersion = 11.2;
						TestTargetID = 797AF64023A7E0C800E41949;
					};
					79DB0FB523CA06430040E275 = {
						CreatedOnToolsVersion = 11.2;
					};
				};
			};
			buildConfigurationList = 797AF63C23A7E0C800E41949 /* Build configuration list for PBXProject "QuickshaRe" */;
			compatibilityVersion = "Xcode 9.3";
			developmentRegion = en;
			hasScannedForEncodings = 0;
			knownRegions = (
				en,
				Base,
			);
			mainGroup = 797AF63823A7E0C800E41949;
			packageReferences = (
				BF349F89250C15FF0083B498 /* XCRemoteSwiftPackageReference "ViewInspector" */,
			);
			productRefGroup = 797AF64223A7E0C800E41949 /* Products */;
			projectDirPath = "";
			projectRoot = "";
			targets = (
				797AF64023A7E0C800E41949 /* QuickshaRe */,
				79DB0FB523CA06430040E275 /* ShareMenu */,
				797AF65623A7E0CB00E41949 /* QuickshaReTests */,
				797AF66123A7E0CB00E41949 /* QuickshaReUITests */,
			);
		};
/* End PBXProject section */

/* Begin PBXResourcesBuildPhase section */
		797AF63F23A7E0C800E41949 /* Resources */ = {
			isa = PBXResourcesBuildPhase;
			buildActionMask = 2147483647;
			files = (
				797AF64E23A7E0CB00E41949 /* Preview Assets.xcassets in Resources */,
				797AF64B23A7E0CB00E41949 /* Assets.xcassets in Resources */,
			);
			runOnlyForDeploymentPostprocessing = 0;
		};
		797AF65523A7E0CB00E41949 /* Resources */ = {
			isa = PBXResourcesBuildPhase;
			buildActionMask = 2147483647;
			files = (
			);
			runOnlyForDeploymentPostprocessing = 0;
		};
		797AF66023A7E0CB00E41949 /* Resources */ = {
			isa = PBXResourcesBuildPhase;
			buildActionMask = 2147483647;
			files = (
			);
			runOnlyForDeploymentPostprocessing = 0;
		};
		79DB0FB423CA06430040E275 /* Resources */ = {
			isa = PBXResourcesBuildPhase;
			buildActionMask = 2147483647;
			files = (
				79DB0FBC23CA06430040E275 /* MainInterface.storyboard in Resources */,
			);
			runOnlyForDeploymentPostprocessing = 0;
		};
/* End PBXResourcesBuildPhase section */

/* Begin PBXShellScriptBuildPhase section */
		79FB0FEB23D382950078DFD8 /* Run SwiftLint */ = {
			isa = PBXShellScriptBuildPhase;
			buildActionMask = 2147483647;
			files = (
			);
			inputFileListPaths = (
			);
			inputPaths = (
			);
			name = "Run SwiftLint";
			outputFileListPaths = (
			);
			outputPaths = (
			);
			runOnlyForDeploymentPostprocessing = 0;
			shellPath = /bin/sh;
			shellScript = "eval $SWIFT_PACKAGES_RUN swiftlint --config swiftlint.yml\n";
		};
/* End PBXShellScriptBuildPhase section */

/* Begin PBXSourcesBuildPhase section */
		797AF63D23A7E0C800E41949 /* Sources */ = {
			isa = PBXSourcesBuildPhase;
			buildActionMask = 2147483647;
			files = (
				BF96013C23C6FC040034CE20 /* TextInputView.swift in Sources */,
				791EE71A23C623BF00AFFB30 /* QRPictureGenerator.swift in Sources */,
				BF7AB87925AC6588006DEE77 /* QuickshaReApp.swift in Sources */,
				797AF64923A7E0C800E41949 /* QRCodeImageView.swift in Sources */,
				BF08EEE125C1CE01002B1AF8 /* QRCodeGeneratorObject.swift in Sources */,
				791EE71D23C623FB00AFFB30 /* Picture.swift in Sources */,
			);
			runOnlyForDeploymentPostprocessing = 0;
		};
		797AF65323A7E0CB00E41949 /* Sources */ = {
			isa = PBXSourcesBuildPhase;
			buildActionMask = 2147483647;
			files = (
				BF349F8F250C16810083B498 /* TextInputViewTests.swift in Sources */,
				797AF65C23A7E0CB00E41949 /* QRPictoreGeneratorTests.swift in Sources */,
			);
			runOnlyForDeploymentPostprocessing = 0;
		};
		797AF65E23A7E0CB00E41949 /* Sources */ = {
			isa = PBXSourcesBuildPhase;
			buildActionMask = 2147483647;
			files = (
				797AF66723A7E0CB00E41949 /* QuickshaReUITests.swift in Sources */,
			);
			runOnlyForDeploymentPostprocessing = 0;
		};
		79DB0FB223CA06430040E275 /* Sources */ = {
			isa = PBXSourcesBuildPhase;
			buildActionMask = 2147483647;
			files = (
				798FC31623CA079500ACB7F5 /* Picture.swift in Sources */,
				79DB0FB923CA06430040E275 /* ShareViewController.swift in Sources */,
				BF08EEE225C1CE01002B1AF8 /* QRCodeGeneratorObject.swift in Sources */,
				798FC31523CA078F00ACB7F5 /* QRPictureGenerator.swift in Sources */,
			);
			runOnlyForDeploymentPostprocessing = 0;
		};
/* End PBXSourcesBuildPhase section */

/* Begin PBXTargetDependency section */
		797AF65923A7E0CB00E41949 /* PBXTargetDependency */ = {
			isa = PBXTargetDependency;
			target = 797AF64023A7E0C800E41949 /* QuickshaRe */;
			targetProxy = 797AF65823A7E0CB00E41949 /* PBXContainerItemProxy */;
		};
		797AF66423A7E0CB00E41949 /* PBXTargetDependency */ = {
			isa = PBXTargetDependency;
			target = 797AF64023A7E0C800E41949 /* QuickshaRe */;
			targetProxy = 797AF66323A7E0CB00E41949 /* PBXContainerItemProxy */;
		};
		79DB0FBF23CA06430040E275 /* PBXTargetDependency */ = {
			isa = PBXTargetDependency;
			target = 79DB0FB523CA06430040E275 /* ShareMenu */;
			targetProxy = 79DB0FBE23CA06430040E275 /* PBXContainerItemProxy */;
		};
/* End PBXTargetDependency section */

/* Begin PBXVariantGroup section */
		79DB0FBA23CA06430040E275 /* MainInterface.storyboard */ = {
			isa = PBXVariantGroup;
			children = (
				79DB0FBB23CA06430040E275 /* Base */,
			);
			name = MainInterface.storyboard;
			sourceTree = "<group>";
		};
/* End PBXVariantGroup section */

/* Begin XCBuildConfiguration section */
		797AF66923A7E0CB00E41949 /* Debug */ = {
			isa = XCBuildConfiguration;
			buildSettings = {
				ALWAYS_SEARCH_USER_PATHS = NO;
				CLANG_ANALYZER_NONNULL = YES;
				CLANG_ANALYZER_NUMBER_OBJECT_CONVERSION = YES_AGGRESSIVE;
				CLANG_CXX_LANGUAGE_STANDARD = "gnu++14";
				CLANG_CXX_LIBRARY = "libc++";
				CLANG_ENABLE_MODULES = YES;
				CLANG_ENABLE_OBJC_ARC = YES;
				CLANG_ENABLE_OBJC_WEAK = YES;
				CLANG_WARN_BLOCK_CAPTURE_AUTORELEASING = YES;
				CLANG_WARN_BOOL_CONVERSION = YES;
				CLANG_WARN_COMMA = YES;
				CLANG_WARN_CONSTANT_CONVERSION = YES;
				CLANG_WARN_DEPRECATED_OBJC_IMPLEMENTATIONS = YES;
				CLANG_WARN_DIRECT_OBJC_ISA_USAGE = YES_ERROR;
				CLANG_WARN_DOCUMENTATION_COMMENTS = YES;
				CLANG_WARN_EMPTY_BODY = YES;
				CLANG_WARN_ENUM_CONVERSION = YES;
				CLANG_WARN_INFINITE_RECURSION = YES;
				CLANG_WARN_INT_CONVERSION = YES;
				CLANG_WARN_NON_LITERAL_NULL_CONVERSION = YES;
				CLANG_WARN_OBJC_IMPLICIT_RETAIN_SELF = YES;
				CLANG_WARN_OBJC_LITERAL_CONVERSION = YES;
				CLANG_WARN_OBJC_ROOT_CLASS = YES_ERROR;
				CLANG_WARN_QUOTED_INCLUDE_IN_FRAMEWORK_HEADER = YES;
				CLANG_WARN_RANGE_LOOP_ANALYSIS = YES;
				CLANG_WARN_STRICT_PROTOTYPES = YES;
				CLANG_WARN_SUSPICIOUS_MOVE = YES;
				CLANG_WARN_UNGUARDED_AVAILABILITY = YES_AGGRESSIVE;
				CLANG_WARN_UNREACHABLE_CODE = YES;
				CLANG_WARN__DUPLICATE_METHOD_MATCH = YES;
				COPY_PHASE_STRIP = NO;
				DEBUG_INFORMATION_FORMAT = dwarf;
				ENABLE_STRICT_OBJC_MSGSEND = YES;
				ENABLE_TESTABILITY = YES;
				GCC_C_LANGUAGE_STANDARD = gnu11;
				GCC_DYNAMIC_NO_PIC = NO;
				GCC_NO_COMMON_BLOCKS = YES;
				GCC_OPTIMIZATION_LEVEL = 0;
				GCC_PREPROCESSOR_DEFINITIONS = (
					"DEBUG=1",
					"$(inherited)",
				);
				GCC_WARN_64_TO_32_BIT_CONVERSION = YES;
				GCC_WARN_ABOUT_RETURN_TYPE = YES_ERROR;
				GCC_WARN_UNDECLARED_SELECTOR = YES;
				GCC_WARN_UNINITIALIZED_AUTOS = YES_AGGRESSIVE;
				GCC_WARN_UNUSED_FUNCTION = YES;
				GCC_WARN_UNUSED_VARIABLE = YES;
				IPHONEOS_DEPLOYMENT_TARGET = 14.0;
				MTL_ENABLE_DEBUG_INFO = INCLUDE_SOURCE;
				MTL_FAST_MATH = YES;
				ONLY_ACTIVE_ARCH = YES;
				SDKROOT = iphoneos;
				SWIFT_ACTIVE_COMPILATION_CONDITIONS = "DEBUG $(EXTRA_SWIFT_ACTIVE_COMPILATION_CONDITIONS)";
				SWIFT_OPTIMIZATION_LEVEL = "-Onone";
				TARGETED_DEVICE_FAMILY = "1,2,6";
			};
			name = Debug;
		};
		797AF66A23A7E0CB00E41949 /* Release */ = {
			isa = XCBuildConfiguration;
			buildSettings = {
				ALWAYS_SEARCH_USER_PATHS = NO;
				CLANG_ANALYZER_NONNULL = YES;
				CLANG_ANALYZER_NUMBER_OBJECT_CONVERSION = YES_AGGRESSIVE;
				CLANG_CXX_LANGUAGE_STANDARD = "gnu++14";
				CLANG_CXX_LIBRARY = "libc++";
				CLANG_ENABLE_MODULES = YES;
				CLANG_ENABLE_OBJC_ARC = YES;
				CLANG_ENABLE_OBJC_WEAK = YES;
				CLANG_WARN_BLOCK_CAPTURE_AUTORELEASING = YES;
				CLANG_WARN_BOOL_CONVERSION = YES;
				CLANG_WARN_COMMA = YES;
				CLANG_WARN_CONSTANT_CONVERSION = YES;
				CLANG_WARN_DEPRECATED_OBJC_IMPLEMENTATIONS = YES;
				CLANG_WARN_DIRECT_OBJC_ISA_USAGE = YES_ERROR;
				CLANG_WARN_DOCUMENTATION_COMMENTS = YES;
				CLANG_WARN_EMPTY_BODY = YES;
				CLANG_WARN_ENUM_CONVERSION = YES;
				CLANG_WARN_INFINITE_RECURSION = YES;
				CLANG_WARN_INT_CONVERSION = YES;
				CLANG_WARN_NON_LITERAL_NULL_CONVERSION = YES;
				CLANG_WARN_OBJC_IMPLICIT_RETAIN_SELF = YES;
				CLANG_WARN_OBJC_LITERAL_CONVERSION = YES;
				CLANG_WARN_OBJC_ROOT_CLASS = YES_ERROR;
				CLANG_WARN_QUOTED_INCLUDE_IN_FRAMEWORK_HEADER = YES;
				CLANG_WARN_RANGE_LOOP_ANALYSIS = YES;
				CLANG_WARN_STRICT_PROTOTYPES = YES;
				CLANG_WARN_SUSPICIOUS_MOVE = YES;
				CLANG_WARN_UNGUARDED_AVAILABILITY = YES_AGGRESSIVE;
				CLANG_WARN_UNREACHABLE_CODE = YES;
				CLANG_WARN__DUPLICATE_METHOD_MATCH = YES;
				COPY_PHASE_STRIP = NO;
				DEBUG_INFORMATION_FORMAT = "dwarf-with-dsym";
				ENABLE_NS_ASSERTIONS = NO;
				ENABLE_STRICT_OBJC_MSGSEND = YES;
				GCC_C_LANGUAGE_STANDARD = gnu11;
				GCC_NO_COMMON_BLOCKS = YES;
				GCC_WARN_64_TO_32_BIT_CONVERSION = YES;
				GCC_WARN_ABOUT_RETURN_TYPE = YES_ERROR;
				GCC_WARN_UNDECLARED_SELECTOR = YES;
				GCC_WARN_UNINITIALIZED_AUTOS = YES_AGGRESSIVE;
				GCC_WARN_UNUSED_FUNCTION = YES;
				GCC_WARN_UNUSED_VARIABLE = YES;
				IPHONEOS_DEPLOYMENT_TARGET = 14.0;
				MTL_ENABLE_DEBUG_INFO = NO;
				MTL_FAST_MATH = YES;
				SDKROOT = iphoneos;
				SWIFT_COMPILATION_MODE = wholemodule;
				SWIFT_OPTIMIZATION_LEVEL = "-O";
				TARGETED_DEVICE_FAMILY = "1,2,6";
				VALIDATE_PRODUCT = YES;
			};
			name = Release;
		};
		797AF66C23A7E0CB00E41949 /* Debug */ = {
			isa = XCBuildConfiguration;
			buildSettings = {
				ALWAYS_EMBED_SWIFT_STANDARD_LIBRARIES = YES;
				ASSETCATALOG_COMPILER_APPICON_NAME = AppIcon;
				CODE_SIGN_ENTITLEMENTS = QuickshaRe/QuickshaRe.entitlements;
				CODE_SIGN_STYLE = Automatic;
				DERIVE_MACCATALYST_PRODUCT_BUNDLE_IDENTIFIER = YES;
				DEVELOPMENT_ASSET_PATHS = "\"QuickshaRe/Preview Content\"";
				DEVELOPMENT_TEAM = KC8N9BMQJY;
				ENABLE_PREVIEWS = YES;
				INFOPLIST_FILE = QuickshaRe/Info.plist;
				LD_RUNPATH_SEARCH_PATHS = (
					"$(inherited)",
					"@executable_path/Frameworks",
				);
				MARKETING_VERSION = 1.0.2;
				PRODUCT_BUNDLE_IDENTIFIER = net.crazism.QuickshaRe;
				PRODUCT_NAME = "$(TARGET_NAME)";
				SUPPORTED_PLATFORMS = "iphoneos iphonesimulator";
				SUPPORTS_MACCATALYST = YES;
				SUPPORTS_MAC_DESIGNED_FOR_IPHONE_IPAD = NO;
				SWIFT_PACKAGES_RUN = "xcrun -sdk macosx swift run --package-path SwiftPackages";
				SWIFT_VERSION = 5.0;
				TARGETED_DEVICE_FAMILY = "1,2,6";
			};
			name = Debug;
		};
		797AF66D23A7E0CB00E41949 /* Release */ = {
			isa = XCBuildConfiguration;
			buildSettings = {
				ALWAYS_EMBED_SWIFT_STANDARD_LIBRARIES = YES;
				ASSETCATALOG_COMPILER_APPICON_NAME = AppIcon;
				CODE_SIGN_ENTITLEMENTS = QuickshaRe/QuickshaRe.entitlements;
				CODE_SIGN_STYLE = Automatic;
				DERIVE_MACCATALYST_PRODUCT_BUNDLE_IDENTIFIER = YES;
				DEVELOPMENT_ASSET_PATHS = "\"QuickshaRe/Preview Content\"";
				DEVELOPMENT_TEAM = KC8N9BMQJY;
				ENABLE_PREVIEWS = YES;
				INFOPLIST_FILE = QuickshaRe/Info.plist;
				LD_RUNPATH_SEARCH_PATHS = (
					"$(inherited)",
					"@executable_path/Frameworks",
				);
				MARKETING_VERSION = 1.0.2;
				PRODUCT_BUNDLE_IDENTIFIER = net.crazism.QuickshaRe;
				PRODUCT_NAME = "$(TARGET_NAME)";
				SUPPORTED_PLATFORMS = "iphoneos iphonesimulator";
				SUPPORTS_MACCATALYST = YES;
				SUPPORTS_MAC_DESIGNED_FOR_IPHONE_IPAD = NO;
				SWIFT_PACKAGES_RUN = "xcrun -sdk macosx swift run --package-path SwiftPackages";
				SWIFT_VERSION = 5.0;
				TARGETED_DEVICE_FAMILY = "1,2,6";
			};
			name = Release;
		};
		797AF66F23A7E0CB00E41949 /* Debug */ = {
			isa = XCBuildConfiguration;
			buildSettings = {
				ALWAYS_EMBED_SWIFT_STANDARD_LIBRARIES = YES;
				BUNDLE_LOADER = "$(TEST_HOST)";
				CODE_SIGN_STYLE = Automatic;
				DEVELOPMENT_TEAM = KC8N9BMQJY;
				INFOPLIST_FILE = QuickshaReTests/Info.plist;
				LD_RUNPATH_SEARCH_PATHS = (
					"$(inherited)",
					"@executable_path/Frameworks",
					"@loader_path/Frameworks",
				);
				PRODUCT_BUNDLE_IDENTIFIER = net.crazism.QuickshaReTests;
				PRODUCT_NAME = "$(TARGET_NAME)";
				SWIFT_VERSION = 5.0;
				TEST_HOST = "$(BUILT_PRODUCTS_DIR)/QuickshaRe.app/QuickshaRe";
			};
			name = Debug;
		};
		797AF67023A7E0CB00E41949 /* Release */ = {
			isa = XCBuildConfiguration;
			buildSettings = {
				ALWAYS_EMBED_SWIFT_STANDARD_LIBRARIES = YES;
				BUNDLE_LOADER = "$(TEST_HOST)";
				CODE_SIGN_STYLE = Automatic;
				DEVELOPMENT_TEAM = KC8N9BMQJY;
				INFOPLIST_FILE = QuickshaReTests/Info.plist;
				LD_RUNPATH_SEARCH_PATHS = (
					"$(inherited)",
					"@executable_path/Frameworks",
					"@loader_path/Frameworks",
				);
				PRODUCT_BUNDLE_IDENTIFIER = net.crazism.QuickshaReTests;
				PRODUCT_NAME = "$(TARGET_NAME)";
				SWIFT_VERSION = 5.0;
				TEST_HOST = "$(BUILT_PRODUCTS_DIR)/QuickshaRe.app/QuickshaRe";
			};
			name = Release;
		};
		797AF67223A7E0CB00E41949 /* Debug */ = {
			isa = XCBuildConfiguration;
			buildSettings = {
				ALWAYS_EMBED_SWIFT_STANDARD_LIBRARIES = YES;
				CODE_SIGN_STYLE = Automatic;
				DEVELOPMENT_TEAM = KC8N9BMQJY;
				EXTRA_SWIFT_ACTIVE_COMPILATION_CONDITIONS = "";
				INFOPLIST_FILE = QuickshaReUITests/Info.plist;
				LD_RUNPATH_SEARCH_PATHS = (
					"$(inherited)",
					"@executable_path/Frameworks",
					"@loader_path/Frameworks",
				);
				PRODUCT_BUNDLE_IDENTIFIER = net.crazism.QuickshaReUITests;
				PRODUCT_NAME = "$(TARGET_NAME)";
				SWIFT_VERSION = 5.0;
				TEST_TARGET_NAME = QuickshaRe;
			};
			name = Debug;
		};
		797AF67323A7E0CB00E41949 /* Release */ = {
			isa = XCBuildConfiguration;
			buildSettings = {
				ALWAYS_EMBED_SWIFT_STANDARD_LIBRARIES = YES;
				CODE_SIGN_STYLE = Automatic;
				DEVELOPMENT_TEAM = KC8N9BMQJY;
				EXTRA_SWIFT_ACTIVE_COMPILATION_CONDITIONS = "";
				INFOPLIST_FILE = QuickshaReUITests/Info.plist;
				LD_RUNPATH_SEARCH_PATHS = (
					"$(inherited)",
					"@executable_path/Frameworks",
					"@loader_path/Frameworks",
				);
				PRODUCT_BUNDLE_IDENTIFIER = net.crazism.QuickshaReUITests;
				PRODUCT_NAME = "$(TARGET_NAME)";
				SWIFT_VERSION = 5.0;
				TEST_TARGET_NAME = QuickshaRe;
			};
			name = Release;
		};
		79DB0FC223CA06430040E275 /* Debug */ = {
			isa = XCBuildConfiguration;
			buildSettings = {
				CODE_SIGN_ENTITLEMENTS = ShareMenu/ShareMenu.entitlements;
				CODE_SIGN_STYLE = Automatic;
				DERIVE_MACCATALYST_PRODUCT_BUNDLE_IDENTIFIER = YES;
				DEVELOPMENT_TEAM = KC8N9BMQJY;
				INFOPLIST_FILE = ShareMenu/Info.plist;
				LD_RUNPATH_SEARCH_PATHS = (
					"$(inherited)",
					"@executable_path/Frameworks",
					"@executable_path/../../Frameworks",
				);
				MARKETING_VERSION = 1.0.2;
				PRODUCT_BUNDLE_IDENTIFIER = net.crazism.QuickshaRe.ShareMenu;
				PRODUCT_NAME = "$(TARGET_NAME)";
				SKIP_INSTALL = YES;
				SUPPORTS_MACCATALYST = YES;
				SWIFT_VERSION = 5.0;
			};
			name = Debug;
		};
		79DB0FC323CA06430040E275 /* Release */ = {
			isa = XCBuildConfiguration;
			buildSettings = {
				CODE_SIGN_ENTITLEMENTS = ShareMenu/ShareMenu.entitlements;
				CODE_SIGN_STYLE = Automatic;
				DERIVE_MACCATALYST_PRODUCT_BUNDLE_IDENTIFIER = YES;
				DEVELOPMENT_TEAM = KC8N9BMQJY;
				INFOPLIST_FILE = ShareMenu/Info.plist;
				LD_RUNPATH_SEARCH_PATHS = (
					"$(inherited)",
					"@executable_path/Frameworks",
					"@executable_path/../../Frameworks",
				);
				MARKETING_VERSION = 1.0.2;
				PRODUCT_BUNDLE_IDENTIFIER = net.crazism.QuickshaRe.ShareMenu;
				PRODUCT_NAME = "$(TARGET_NAME)";
				SKIP_INSTALL = YES;
				SUPPORTS_MACCATALYST = YES;
				SWIFT_VERSION = 5.0;
			};
			name = Release;
		};
/* End XCBuildConfiguration section */

/* Begin XCConfigurationList section */
		797AF63C23A7E0C800E41949 /* Build configuration list for PBXProject "QuickshaRe" */ = {
			isa = XCConfigurationList;
			buildConfigurations = (
				797AF66923A7E0CB00E41949 /* Debug */,
				797AF66A23A7E0CB00E41949 /* Release */,
			);
			defaultConfigurationIsVisible = 0;
			defaultConfigurationName = Release;
		};
		797AF66B23A7E0CB00E41949 /* Build configuration list for PBXNativeTarget "QuickshaRe" */ = {
			isa = XCConfigurationList;
			buildConfigurations = (
				797AF66C23A7E0CB00E41949 /* Debug */,
				797AF66D23A7E0CB00E41949 /* Release */,
			);
			defaultConfigurationIsVisible = 0;
			defaultConfigurationName = Release;
		};
		797AF66E23A7E0CB00E41949 /* Build configuration list for PBXNativeTarget "QuickshaReTests" */ = {
			isa = XCConfigurationList;
			buildConfigurations = (
				797AF66F23A7E0CB00E41949 /* Debug */,
				797AF67023A7E0CB00E41949 /* Release */,
			);
			defaultConfigurationIsVisible = 0;
			defaultConfigurationName = Release;
		};
		797AF67123A7E0CB00E41949 /* Build configuration list for PBXNativeTarget "QuickshaReUITests" */ = {
			isa = XCConfigurationList;
			buildConfigurations = (
				797AF67223A7E0CB00E41949 /* Debug */,
				797AF67323A7E0CB00E41949 /* Release */,
			);
			defaultConfigurationIsVisible = 0;
			defaultConfigurationName = Release;
		};
		79DB0FC423CA06430040E275 /* Build configuration list for PBXNativeTarget "ShareMenu" */ = {
			isa = XCConfigurationList;
			buildConfigurations = (
				79DB0FC223CA06430040E275 /* Debug */,
				79DB0FC323CA06430040E275 /* Release */,
			);
			defaultConfigurationIsVisible = 0;
			defaultConfigurationName = Release;
		};
/* End XCConfigurationList section */

/* Begin XCRemoteSwiftPackageReference section */
		BF349F89250C15FF0083B498 /* XCRemoteSwiftPackageReference "ViewInspector" */ = {
			isa = XCRemoteSwiftPackageReference;
			repositoryURL = "https://github.com/nalexn/ViewInspector";
			requirement = {
				kind = upToNextMajorVersion;
				minimumVersion = 0.4.7;
			};
		};
/* End XCRemoteSwiftPackageReference section */

/* Begin XCSwiftPackageProductDependency section */
		BF349F8C250C16360083B498 /* ViewInspector */ = {
			isa = XCSwiftPackageProductDependency;
			package = BF349F89250C15FF0083B498 /* XCRemoteSwiftPackageReference "ViewInspector" */;
			productName = ViewInspector;
		};
/* End XCSwiftPackageProductDependency section */
	};
	rootObject = 797AF63923A7E0C800E41949 /* Project object */;
}
